
Microsoft Visual Studio Solution File, Format Version 12.00
# Visual Studio 15
VisualStudioVersion = 15.0.28307.489
MinimumVisualStudioVersion = 10.0.40219.1
Project("{00D1A9C2-B5F0-4AF3-8072-F6C62B433612}") = "AET.ProductsWeb", "AET.ProductsWeb\AET.ProductsWeb.sqlproj", "{30866504-C781-4275-80F9-1192984DA686}"
EndProject
Global
	GlobalSection(SolutionConfigurationPlatforms) = preSolution
		Debug|Any CPU = Debug|Any CPU
		Release|Any CPU = Release|Any CPU
	EndGlobalSection
	GlobalSection(ProjectConfigurationPlatforms) = postSolution
		{30866504-C781-4275-80F9-1192984DA686}.Debug|Any CPU.ActiveCfg = Debug|Any CPU
		{30866504-C781-4275-80F9-1192984DA686}.Debug|Any CPU.Build.0 = Debug|Any CPU
		{30866504-C781-4275-80F9-1192984DA686}.Debug|Any CPU.Deploy.0 = Debug|Any CPU
		{30866504-C781-4275-80F9-1192984DA686}.Release|Any CPU.ActiveCfg = Release|Any CPU
		{30866504-C781-4275-80F9-1192984DA686}.Release|Any CPU.Build.0 = Release|Any CPU
		{30866504-C781-4275-80F9-1192984DA686}.Release|Any CPU.Deploy.0 = Release|Any CPU
	EndGlobalSection
	GlobalSection(SolutionProperties) = preSolution
		HideSolutionNode = FALSE
	EndGlobalSection
	GlobalSection(ExtensibilityGlobals) = postSolution
		SolutionGuid = {90DA886A-C5A9-4A9E-B0CE-C86C4AE1190F}
	EndGlobalSection
EndGlobal
